
Microsoft Visual Studio Solution File, Format Version 12.00
# Visual Studio Version 17
VisualStudioVersion = 17.14.36221.1 d17.14
MinimumVisualStudioVersion = 10.0.40219.1
Project("{FAE04EC0-301F-11D3-BF4B-00C04F79EFBC}") = "MoreResolution", "MoreResolution.csproj", "{34F3B572-BC1D-48EE-B3BC-A3EA5505A064}"
EndProject
Global
	GlobalSection(SolutionConfigurationPlatforms) = preSolution
		Debug|Any CPU = Debug|Any CPU
		Release|Any CPU = Release|Any CPU
	EndGlobalSection
	GlobalSection(ProjectConfigurationPlatforms) = postSolution
		{34F3B572-BC1D-48EE-B3BC-A3EA5505A064}.Debug|Any CPU.ActiveCfg = Debug|Any CPU
		{34F3B572-BC1D-48EE-B3BC-A3EA5505A064}.Debug|Any CPU.Build.0 = Debug|Any CPU
		{34F3B572-BC1D-48EE-B3BC-A3EA5505A064}.Release|Any CPU.ActiveCfg = Release|Any CPU
		{34F3B572-BC1D-48EE-B3BC-A3EA5505A064}.Release|Any CPU.Build.0 = Release|Any CPU
	EndGlobalSection
	GlobalSection(SolutionProperties) = preSolution
		HideSolutionNode = FALSE
	EndGlobalSection
	GlobalSection(ExtensibilityGlobals) = postSolution
		SolutionGuid = {04F4C13E-163A-4A4B-BE46-E64926A00040}
	EndGlobalSection
EndGlobal
