
Microsoft Visual Studio Solution File, Format Version 12.00
Project("{FAE04EC0-301F-11D3-BF4B-00C04F79EFBC}") = "HoLConsole", "HoLConsole.csproj", "{521792DD-F42D-4C2D-A568-D05FDF6C01D0}"
EndProject
Global
	GlobalSection(SolutionConfigurationPlatforms) = preSolution
		Debug|Any CPU = Debug|Any CPU
		Release|Any CPU = Release|Any CPU
	EndGlobalSection
	GlobalSection(ProjectConfigurationPlatforms) = postSolution
		{521792DD-F42D-4C2D-A568-D05FDF6C01D0}.Debug|Any CPU.ActiveCfg = Debug|Any CPU
		{521792DD-F42D-4C2D-A568-D05FDF6C01D0}.Debug|Any CPU.Build.0 = Debug|Any CPU
		{521792DD-F42D-4C2D-A568-D05FDF6C01D0}.Release|Any CPU.ActiveCfg = Release|Any CPU
		{521792DD-F42D-4C2D-A568-D05FDF6C01D0}.Release|Any CPU.Build.0 = Release|Any CPU
	EndGlobalSection
EndGlobal
